
Microsoft Visual Studio Solution File, Format Version 12.00
# Visual Studio Version 17
VisualStudioVersion = 17.0.31903.59
MinimumVisualStudioVersion = 10.0.40219.1
Project("{FAE04EC0-301F-11D3-BF4B-00C04F79EFBC}") = "ProductService", "ProductService\ProductService.csproj", "{6E2BA88A-A25F-4DA3-8CA1-9F28CEDB28E6}"
EndProject
Project("{FAE04EC0-301F-11D3-BF4B-00C04F79EFBC}") = "Order", "Order\Order.csproj", "{32FF3B4F-EF79-4096-B569-4B6EAD2111EA}"
EndProject
Project("{FAE04EC0-301F-11D3-BF4B-00C04F79EFBC}") = "ProductService.Test", "ProductService.Test\ProductService.Test.csproj", "{DE1384A4-7B05-4E0D-85BF-5C4AEA7E0435}"
EndProject
Project("{FAE04EC0-301F-11D3-BF4B-00C04F79EFBC}") = "Order.Test", "Order.Test\Order.Test.csproj", "{A3CCFBA4-474F-4E06-8038-5EA2D63409E7}"
EndProject
Global
	GlobalSection(SolutionConfigurationPlatforms) = preSolution
		Debug|Any CPU = Debug|Any CPU
		Release|Any CPU = Release|Any CPU
	EndGlobalSection
	GlobalSection(SolutionProperties) = preSolution
		HideSolutionNode = FALSE
	EndGlobalSection
	GlobalSection(ProjectConfigurationPlatforms) = postSolution
		{903C6202-02C5-4AFE-BE03-0948943090C1}.Debug|Any CPU.ActiveCfg = Debug|Any CPU
		{903C6202-02C5-4AFE-BE03-0948943090C1}.Debug|Any CPU.Build.0 = Debug|Any CPU
		{903C6202-02C5-4AFE-BE03-0948943090C1}.Release|Any CPU.ActiveCfg = Release|Any CPU
		{903C6202-02C5-4AFE-BE03-0948943090C1}.Release|Any CPU.Build.0 = Release|Any CPU
		{9328D110-4522-4518-9F44-F1800639D123}.Debug|Any CPU.ActiveCfg = Debug|Any CPU
		{9328D110-4522-4518-9F44-F1800639D123}.Debug|Any CPU.Build.0 = Debug|Any CPU
		{9328D110-4522-4518-9F44-F1800639D123}.Release|Any CPU.ActiveCfg = Release|Any CPU
		{9328D110-4522-4518-9F44-F1800639D123}.Release|Any CPU.Build.0 = Release|Any CPU
		{6E2BA88A-A25F-4DA3-8CA1-9F28CEDB28E6}.Debug|Any CPU.ActiveCfg = Debug|Any CPU
		{6E2BA88A-A25F-4DA3-8CA1-9F28CEDB28E6}.Debug|Any CPU.Build.0 = Debug|Any CPU
		{6E2BA88A-A25F-4DA3-8CA1-9F28CEDB28E6}.Release|Any CPU.ActiveCfg = Release|Any CPU
		{6E2BA88A-A25F-4DA3-8CA1-9F28CEDB28E6}.Release|Any CPU.Build.0 = Release|Any CPU
		{32FF3B4F-EF79-4096-B569-4B6EAD2111EA}.Debug|Any CPU.ActiveCfg = Debug|Any CPU
		{32FF3B4F-EF79-4096-B569-4B6EAD2111EA}.Debug|Any CPU.Build.0 = Debug|Any CPU
		{32FF3B4F-EF79-4096-B569-4B6EAD2111EA}.Release|Any CPU.ActiveCfg = Release|Any CPU
		{32FF3B4F-EF79-4096-B569-4B6EAD2111EA}.Release|Any CPU.Build.0 = Release|Any CPU
		{DE1384A4-7B05-4E0D-85BF-5C4AEA7E0435}.Debug|Any CPU.ActiveCfg = Debug|Any CPU
		{DE1384A4-7B05-4E0D-85BF-5C4AEA7E0435}.Debug|Any CPU.Build.0 = Debug|Any CPU
		{DE1384A4-7B05-4E0D-85BF-5C4AEA7E0435}.Release|Any CPU.ActiveCfg = Release|Any CPU
		{DE1384A4-7B05-4E0D-85BF-5C4AEA7E0435}.Release|Any CPU.Build.0 = Release|Any CPU
		{A3CCFBA4-474F-4E06-8038-5EA2D63409E7}.Debug|Any CPU.ActiveCfg = Debug|Any CPU
		{A3CCFBA4-474F-4E06-8038-5EA2D63409E7}.Debug|Any CPU.Build.0 = Debug|Any CPU
		{A3CCFBA4-474F-4E06-8038-5EA2D63409E7}.Release|Any CPU.ActiveCfg = Release|Any CPU
		{A3CCFBA4-474F-4E06-8038-5EA2D63409E7}.Release|Any CPU.Build.0 = Release|Any CPU
	EndGlobalSection
EndGlobal
